
Microsoft Visual Studio Solution File, Format Version 12.00
# Visual Studio 15
VisualStudioVersion = 15.0.27703.2018
MinimumVisualStudioVersion = 10.0.40219.1
Project("{FAE04EC0-301F-11D3-BF4B-00C04F79EFBC}") = "TigerPaws", "TigerPaws\TigerPaws.csproj", "{E90C4E2C-B1BA-4796-BDD2-8E3DD5DABE89}"
EndProject
Global
	GlobalSection(SolutionConfigurationPlatforms) = preSolution
		Debug|Any CPU = Debug|Any CPU
		Release|Any CPU = Release|Any CPU
	EndGlobalSection
	GlobalSection(ProjectConfigurationPlatforms) = postSolution
		{E90C4E2C-B1BA-4796-BDD2-8E3DD5DABE89}.Debug|Any CPU.ActiveCfg = Debug|Any CPU
		{E90C4E2C-B1BA-4796-BDD2-8E3DD5DABE89}.Debug|Any CPU.Build.0 = Debug|Any CPU
		{E90C4E2C-B1BA-4796-BDD2-8E3DD5DABE89}.Release|Any CPU.ActiveCfg = Release|Any CPU
		{E90C4E2C-B1BA-4796-BDD2-8E3DD5DABE89}.Release|Any CPU.Build.0 = Release|Any CPU
	EndGlobalSection
	GlobalSection(SolutionProperties) = preSolution
		HideSolutionNode = FALSE
	EndGlobalSection
	GlobalSection(ExtensibilityGlobals) = postSolution
		SolutionGuid = {7725F6AA-F9BF-48B2-81E3-CD16FCCBC249}
	EndGlobalSection
EndGlobal
